// !$*UTF8*$!
{
	archiveVersion = 1;
	classes = {
	};
	objectVersion = 46;
	objects = {

/* Begin PBXBuildFile section */
		DB7227A31ADD83C70095F477 /* UIViewController+Navigation.m in Sources */ = {isa = PBXBuildFile; fileRef = DB7227A21ADD83C70095F477 /* UIViewController+Navigation.m */; };
		DBD79BEE1A82C5250059F4D8 /* main.m in Sources */ = {isa = PBXBuildFile; fileRef = DBD79BED1A82C5250059F4D8 /* main.m */; };
		DBD79BF31A82C5250059F4D8 /* Images.xcassets in Resources */ = {isa = PBXBuildFile; fileRef = DBD79BF21A82C5250059F4D8 /* Images.xcassets */; };
		DBD79BF61A82C5250059F4D8 /* LaunchScreen.xib in Resources */ = {isa = PBXBuildFile; fileRef = DBD79BF41A82C5250059F4D8 /* LaunchScreen.xib */; };
		DBD79C021A82C5250059F4D8 /* DictionaryTests.m in Sources */ = {isa = PBXBuildFile; fileRef = DBD79C011A82C5250059F4D8 /* DictionaryTests.m */; };
		DBD79C551A82CC440059F4D8 /* AppDelegate.m in Sources */ = {isa = PBXBuildFile; fileRef = DBD79C541A82CC440059F4D8 /* AppDelegate.m */; };
		DBD79C851A82D1270059F4D8 /* vocabwords.txt in Resources */ = {isa = PBXBuildFile; fileRef = DBD79C7D1A82D1270059F4D8 /* vocabwords.txt */; };
		DBD79C861A82D1270059F4D8 /* YOSDefinitionViewController.m in Sources */ = {isa = PBXBuildFile; fileRef = DBD79C7F1A82D1270059F4D8 /* YOSDefinitionViewController.m */; };
		DBD79C871A82D1270059F4D8 /* YOSDefinitionViewController.xib in Resources */ = {isa = PBXBuildFile; fileRef = DBD79C801A82D1270059F4D8 /* YOSDefinitionViewController.xib */; };
		DBD79C881A82D1270059F4D8 /* YOSWordsModel.m in Sources */ = {isa = PBXBuildFile; fileRef = DBD79C821A82D1270059F4D8 /* YOSWordsModel.m */; };
		DBD79C891A82D1270059F4D8 /* YOSWordsTableViewController.m in Sources */ = {isa = PBXBuildFile; fileRef = DBD79C841A82D1270059F4D8 /* YOSWordsTableViewController.m */; };
/* End PBXBuildFile section */

/* Begin PBXContainerItemProxy section */
		DBD79BFC1A82C5250059F4D8 /* PBXContainerItemProxy */ = {
			isa = PBXContainerItemProxy;
			containerPortal = DBD79BE01A82C5250059F4D8 /* Project object */;
			proxyType = 1;
			remoteGlobalIDString = DBD79BE71A82C5250059F4D8;
			remoteInfo = Dictionary;
		};
/* End PBXContainerItemProxy section */

/* Begin PBXFileReference section */
		DB7227A11ADD83C70095F477 /* UIViewController+Navigation.h */ = {isa = PBXFileReference; fileEncoding = 4; lastKnownFileType = sourcecode.c.h; path = "UIViewController+Navigation.h"; sourceTree = "<group>"; };
		DB7227A21ADD83C70095F477 /* UIViewController+Navigation.m */ = {isa = PBXFileReference; fileEncoding = 4; lastKnownFileType = sourcecode.c.objc; path = "UIViewController+Navigation.m"; sourceTree = "<group>"; };
		DBD79BE81A82C5250059F4D8 /* Dictionary.app */ = {isa = PBXFileReference; explicitFileType = wrapper.application; includeInIndex = 0; path = Dictionary.app; sourceTree = BUILT_PRODUCTS_DIR; };
		DBD79BEC1A82C5250059F4D8 /* Info.plist */ = {isa = PBXFileReference; lastKnownFileType = text.plist.xml; path = Info.plist; sourceTree = "<group>"; };
		DBD79BED1A82C5250059F4D8 /* main.m */ = {isa = PBXFileReference; lastKnownFileType = sourcecode.c.objc; path = main.m; sourceTree = "<group>"; };
		DBD79BEF1A82C5250059F4D8 /* AppDelegate.h */ = {isa = PBXFileReference; lastKnownFileType = sourcecode.c.h; path = AppDelegate.h; sourceTree = "<group>"; };
		DBD79BF21A82C5250059F4D8 /* Images.xcassets */ = {isa = PBXFileReference; lastKnownFileType = folder.assetcatalog; path = Images.xcassets; sourceTree = "<group>"; };
		DBD79BF51A82C5250059F4D8 /* Base */ = {isa = PBXFileReference; lastKnownFileType = file.xib; name = Base; path = Base.lproj/LaunchScreen.xib; sourceTree = "<group>"; };
		DBD79BFB1A82C5250059F4D8 /* DictionaryTests.xctest */ = {isa = PBXFileReference; explicitFileType = wrapper.cfbundle; includeInIndex = 0; path = DictionaryTests.xctest; sourceTree = BUILT_PRODUCTS_DIR; };
		DBD79C001A82C5250059F4D8 /* Info.plist */ = {isa = PBXFileReference; lastKnownFileType = text.plist.xml; path = Info.plist; sourceTree = "<group>"; };
		DBD79C011A82C5250059F4D8 /* DictionaryTests.m */ = {isa = PBXFileReference; lastKnownFileType = sourcecode.c.objc; path = DictionaryTests.m; sourceTree = "<group>"; };
		DBD79C541A82CC440059F4D8 /* AppDelegate.m */ = {isa = PBXFileReference; fileEncoding = 4; lastKnownFileType = sourcecode.c.objc; path = AppDelegate.m; sourceTree = "<group>"; };
		DBD79C7D1A82D1270059F4D8 /* vocabwords.txt */ = {isa = PBXFileReference; fileEncoding = 4; lastKnownFileType = text; path = vocabwords.txt; sourceTree = "<group>"; };
		DBD79C7E1A82D1270059F4D8 /* YOSDefinitionViewController.h */ = {isa = PBXFileReference; fileEncoding = 4; lastKnownFileType = sourcecode.c.h; path = YOSDefinitionViewController.h; sourceTree = "<group>"; };
		DBD79C7F1A82D1270059F4D8 /* YOSDefinitionViewController.m */ = {isa = PBXFileReference; fileEncoding = 4; lastKnownFileType = sourcecode.c.objc; path = YOSDefinitionViewController.m; sourceTree = "<group>"; };
		DBD79C801A82D1270059F4D8 /* YOSDefinitionViewController.xib */ = {isa = PBXFileReference; fileEncoding = 4; lastKnownFileType = file.xib; path = YOSDefinitionViewController.xib; sourceTree = "<group>"; };
		DBD79C811A82D1270059F4D8 /* YOSWordsModel.h */ = {isa = PBXFileReference; fileEncoding = 4; lastKnownFileType = sourcecode.c.h; path = YOSWordsModel.h; sourceTree = "<group>"; };
		DBD79C821A82D1270059F4D8 /* YOSWordsModel.m */ = {isa = PBXFileReference; fileEncoding = 4; lastKnownFileType = sourcecode.c.objc; path = YOSWordsModel.m; sourceTree = "<group>"; };
		DBD79C831A82D1270059F4D8 /* YOSWordsTableViewController.h */ = {isa = PBXFileReference; fileEncoding = 4; lastKnownFileType = sourcecode.c.h; path = YOSWordsTableViewController.h; sourceTree = "<group>"; };
		DBD79C841A82D1270059F4D8 /* YOSWordsTableViewController.m */ = {isa = PBXFileReference; fileEncoding = 4; lastKnownFileType = sourcecode.c.objc; path = YOSWordsTableViewController.m; sourceTree = "<group>"; };
/* End PBXFileReference section */

/* Begin PBXFrameworksBuildPhase section */
		DBD79BE51A82C5250059F4D8 /* Frameworks */ = {
			isa = PBXFrameworksBuildPhase;
			buildActionMask = 2147483647;
			files = (
			);
			runOnlyForDeploymentPostprocessing = 0;
		};
		DBD79BF81A82C5250059F4D8 /* Frameworks */ = {
			isa = PBXFrameworksBuildPhase;
			buildActionMask = 2147483647;
			files = (
			);
			runOnlyForDeploymentPostprocessing = 0;
		};
/* End PBXFrameworksBuildPhase section */

/* Begin PBXGroup section */
		DB7227A41ADD83D40095F477 /* Categories */ = {
			isa = PBXGroup;
			children = (
				DB7227A11ADD83C70095F477 /* UIViewController+Navigation.h */,
				DB7227A21ADD83C70095F477 /* UIViewController+Navigation.m */,
			);
			name = Categories;
			sourceTree = "<group>";
		};
		DBD79BDF1A82C5250059F4D8 = {
			isa = PBXGroup;
			children = (
				DBD79BEA1A82C5250059F4D8 /* Dictionary */,
				DBD79BFE1A82C5250059F4D8 /* DictionaryTests */,
				DBD79BE91A82C5250059F4D8 /* Products */,
			);
			sourceTree = "<group>";
		};
		DBD79BE91A82C5250059F4D8 /* Products */ = {
			isa = PBXGroup;
			children = (
				DBD79BE81A82C5250059F4D8 /* Dictionary.app */,
				DBD79BFB1A82C5250059F4D8 /* DictionaryTests.xctest */,
			);
			name = Products;
			sourceTree = "<group>";
		};
		DBD79BEA1A82C5250059F4D8 /* Dictionary */ = {
			isa = PBXGroup;
			children = (
				DB7227A41ADD83D40095F477 /* Categories */,
				DBD79C8C1A82D1C00059F4D8 /* Resources */,
				DBD79C8A1A82D1820059F4D8 /* Controller */,
				DBD79C8B1A82D1A10059F4D8 /* Models */,
				DBD79BEF1A82C5250059F4D8 /* AppDelegate.h */,
				DBD79C541A82CC440059F4D8 /* AppDelegate.m */,
				DBD79BF21A82C5250059F4D8 /* Images.xcassets */,
				DBD79BF41A82C5250059F4D8 /* LaunchScreen.xib */,
				DBD79BEB1A82C5250059F4D8 /* Supporting Files */,
			);
			path = Dictionary;
			sourceTree = "<group>";
		};
		DBD79BEB1A82C5250059F4D8 /* Supporting Files */ = {
			isa = PBXGroup;
			children = (
				DBD79BEC1A82C5250059F4D8 /* Info.plist */,
				DBD79BED1A82C5250059F4D8 /* main.m */,
			);
			name = "Supporting Files";
			sourceTree = "<group>";
		};
		DBD79BFE1A82C5250059F4D8 /* DictionaryTests */ = {
			isa = PBXGroup;
			children = (
				DBD79C011A82C5250059F4D8 /* DictionaryTests.m */,
				DBD79BFF1A82C5250059F4D8 /* Supporting Files */,
			);
			path = DictionaryTests;
			sourceTree = "<group>";
		};
		DBD79BFF1A82C5250059F4D8 /* Supporting Files */ = {
			isa = PBXGroup;
			children = (
				DBD79C001A82C5250059F4D8 /* Info.plist */,
			);
			name = "Supporting Files";
			sourceTree = "<group>";
		};
		DBD79C8A1A82D1820059F4D8 /* Controller */ = {
			isa = PBXGroup;
			children = (
				DBD79C7E1A82D1270059F4D8 /* YOSDefinitionViewController.h */,
				DBD79C7F1A82D1270059F4D8 /* YOSDefinitionViewController.m */,
				DBD79C801A82D1270059F4D8 /* YOSDefinitionViewController.xib */,
				DBD79C831A82D1270059F4D8 /* YOSWordsTableViewController.h */,
				DBD79C841A82D1270059F4D8 /* YOSWordsTableViewController.m */,
			);
			name = Controller;
			sourceTree = "<group>";
		};
		DBD79C8B1A82D1A10059F4D8 /* Models */ = {
			isa = PBXGroup;
			children = (
				DBD79C811A82D1270059F4D8 /* YOSWordsModel.h */,
				DBD79C821A82D1270059F4D8 /* YOSWordsModel.m */,
			);
			name = Models;
			sourceTree = "<group>";
		};
		DBD79C8C1A82D1C00059F4D8 /* Resources */ = {
			isa = PBXGroup;
			children = (
				DBD79C7D1A82D1270059F4D8 /* vocabwords.txt */,
			);
			name = Resources;
			sourceTree = "<group>";
		};
/* End PBXGroup section */

/* Begin PBXNativeTarget section */
		DBD79BE71A82C5250059F4D8 /* Dictionary */ = {
			isa = PBXNativeTarget;
			buildConfigurationList = DBD79C051A82C5250059F4D8 /* Build configuration list for PBXNativeTarget "Dictionary" */;
			buildPhases = (
				DBD79BE41A82C5250059F4D8 /* Sources */,
				DBD79BE51A82C5250059F4D8 /* Frameworks */,
				DBD79BE61A82C5250059F4D8 /* Resources */,
			);
			buildRules = (
			);
			dependencies = (
			);
			name = Dictionary;
			productName = Dictionary;
			productReference = DBD79BE81A82C5250059F4D8 /* Dictionary.app */;
			productType = "com.apple.product-type.application";
		};
		DBD79BFA1A82C5250059F4D8 /* DictionaryTests */ = {
			isa = PBXNativeTarget;
			buildConfigurationList = DBD79C081A82C5250059F4D8 /* Build configuration list for PBXNativeTarget "DictionaryTests" */;
			buildPhases = (
				DBD79BF71A82C5250059F4D8 /* Sources */,
				DBD79BF81A82C5250059F4D8 /* Frameworks */,
				DBD79BF91A82C5250059F4D8 /* Resources */,
			);
			buildRules = (
			);
			dependencies = (
				DBD79BFD1A82C5250059F4D8 /* PBXTargetDependency */,
			);
			name = DictionaryTests;
			productName = DictionaryTests;
			productReference = DBD79BFB1A82C5250059F4D8 /* DictionaryTests.xctest */;
			productType = "com.apple.product-type.bundle.unit-test";
		};
/* End PBXNativeTarget section */

/* Begin PBXProject section */
		DBD79BE01A82C5250059F4D8 /* Project object */ = {
			isa = PBXProject;
			attributes = {
				LastUpgradeCheck = 0610;
				ORGANIZATIONNAME = YOS;
				TargetAttributes = {
					DBD79BE71A82C5250059F4D8 = {
						CreatedOnToolsVersion = 6.1.1;
					};
					DBD79BFA1A82C5250059F4D8 = {
						CreatedOnToolsVersion = 6.1.1;
						TestTargetID = DBD79BE71A82C5250059F4D8;
					};
				};
			};
			buildConfigurationList = DBD79BE31A82C5250059F4D8 /* Build configuration list for PBXProject "Dictionary" */;
			compatibilityVersion = "Xcode 3.2";
			developmentRegion = English;
			hasScannedForEncodings = 0;
			knownRegions = (
				en,
				Base,
			);
			mainGroup = DBD79BDF1A82C5250059F4D8;
			productRefGroup = DBD79BE91A82C5250059F4D8 /* Products */;
			projectDirPath = "";
			projectRoot = "";
			targets = (
				DBD79BE71A82C5250059F4D8 /* Dictionary */,
				DBD79BFA1A82C5250059F4D8 /* DictionaryTests */,
			);
		};
/* End PBXProject section */

/* Begin PBXResourcesBuildPhase section */
		DBD79BE61A82C5250059F4D8 /* Resources */ = {
			isa = PBXResourcesBuildPhase;
			buildActionMask = 2147483647;
			files = (
				DBD79BF61A82C5250059F4D8 /* LaunchScreen.xib in Resources */,
				DBD79C851A82D1270059F4D8 /* vocabwords.txt in Resources */,
				DBD79BF31A82C5250059F4D8 /* Images.xcassets in Resources */,
				DBD79C871A82D1270059F4D8 /* YOSDefinitionViewController.xib in Resources */,
			);
			runOnlyForDeploymentPostprocessing = 0;
		};
		DBD79BF91A82C5250059F4D8 /* Resources */ = {
			isa = PBXResourcesBuildPhase;
			buildActionMask = 2147483647;
			files = (
			);
			runOnlyForDeploymentPostprocessing = 0;
		};
/* End PBXResourcesBuildPhase section */

/* Begin PBXSourcesBuildPhase section */
		DBD79BE41A82C5250059F4D8 /* Sources */ = {
			isa = PBXSourcesBuildPhase;
			buildActionMask = 2147483647;
			files = (
				DB7227A31ADD83C70095F477 /* UIViewController+Navigation.m in Sources */,
				DBD79C861A82D1270059F4D8 /* YOSDefinitionViewController.m in Sources */,
				DBD79C881A82D1270059F4D8 /* YOSWordsModel.m in Sources */,
				DBD79C891A82D1270059F4D8 /* YOSWordsTableViewController.m in Sources */,
				DBD79BEE1A82C5250059F4D8 /* main.m in Sources */,
				DBD79C551A82CC440059F4D8 /* AppDelegate.m in Sources */,
			);
			runOnlyForDeploymentPostprocessing = 0;
		};
		DBD79BF71A82C5250059F4D8 /* Sources */ = {
			isa = PBXSourcesBuildPhase;
			buildActionMask = 2147483647;
			files = (
				DBD79C021A82C5250059F4D8 /* DictionaryTests.m in Sources */,
			);
			runOnlyForDeploymentPostprocessing = 0;
		};
/* End PBXSourcesBuildPhase section */

/* Begin PBXTargetDependency section */
		DBD79BFD1A82C5250059F4D8 /* PBXTargetDependency */ = {
			isa = PBXTargetDependency;
			target = DBD79BE71A82C5250059F4D8 /* Dictionary */;
			targetProxy = DBD79BFC1A82C5250059F4D8 /* PBXContainerItemProxy */;
		};
/* End PBXTargetDependency section */

/* Begin PBXVariantGroup section */
		DBD79BF41A82C5250059F4D8 /* LaunchScreen.xib */ = {
			isa = PBXVariantGroup;
			children = (
				DBD79BF51A82C5250059F4D8 /* Base */,
			);
			name = LaunchScreen.xib;
			sourceTree = "<group>";
		};
/* End PBXVariantGroup section */

/* Begin XCBuildConfiguration section */
		DBD79C031A82C5250059F4D8 /* Debug */ = {
			isa = XCBuildConfiguration;
			buildSettings = {
				ALWAYS_SEARCH_USER_PATHS = NO;
				CLANG_CXX_LANGUAGE_STANDARD = "gnu++0x";
				CLANG_CXX_LIBRARY = "libc++";
				CLANG_ENABLE_MODULES = YES;
				CLANG_ENABLE_OBJC_ARC = YES;
				CLANG_WARN_BOOL_CONVERSION = YES;
				CLANG_WARN_CONSTANT_CONVERSION = YES;
				CLANG_WARN_DIRECT_OBJC_ISA_USAGE = YES_ERROR;
				CLANG_WARN_EMPTY_BODY = YES;
				CLANG_WARN_ENUM_CONVERSION = YES;
				CLANG_WARN_INT_CONVERSION = YES;
				CLANG_WARN_OBJC_ROOT_CLASS = YES_ERROR;
				CLANG_WARN_UNREACHABLE_CODE = YES;
				CLANG_WARN__DUPLICATE_METHOD_MATCH = YES;
				"CODE_SIGN_IDENTITY[sdk=iphoneos*]" = "iPhone Developer";
				COPY_PHASE_STRIP = NO;
				ENABLE_STRICT_OBJC_MSGSEND = YES;
				GCC_C_LANGUAGE_STANDARD = gnu99;
				GCC_DYNAMIC_NO_PIC = NO;
				GCC_OPTIMIZATION_LEVEL = 0;
				GCC_PREPROCESSOR_DEFINITIONS = (
					"DEBUG=1",
					"$(inherited)",
				);
				GCC_SYMBOLS_PRIVATE_EXTERN = NO;
				GCC_WARN_64_TO_32_BIT_CONVERSION = YES;
				GCC_WARN_ABOUT_RETURN_TYPE = YES_ERROR;
				GCC_WARN_UNDECLARED_SELECTOR = YES;
				GCC_WARN_UNINITIALIZED_AUTOS = YES_AGGRESSIVE;
				GCC_WARN_UNUSED_FUNCTION = YES;
				GCC_WARN_UNUSED_VARIABLE = YES;
				IPHONEOS_DEPLOYMENT_TARGET = 8.1;
				MTL_ENABLE_DEBUG_INFO = YES;
				ONLY_ACTIVE_ARCH = YES;
				SDKROOT = iphoneos;
				TARGETED_DEVICE_FAMILY = "1,2";
			};
			name = Debug;
		};
		DBD79C041A82C5250059F4D8 /* Release */ = {
			isa = XCBuildConfiguration;
			buildSettings = {
				ALWAYS_SEARCH_USER_PATHS = NO;
				CLANG_CXX_LANGUAGE_STANDARD = "gnu++0x";
				CLANG_CXX_LIBRARY = "libc++";
				CLANG_ENABLE_MODULES = YES;
				CLANG_ENABLE_OBJC_ARC = YES;
				CLANG_WARN_BOOL_CONVERSION = YES;
				CLANG_WARN_CONSTANT_CONVERSION = YES;
				CLANG_WARN_DIRECT_OBJC_ISA_USAGE = YES_ERROR;
				CLANG_WARN_EMPTY_BODY = YES;
				CLANG_WARN_ENUM_CONVERSION = YES;
				CLANG_WARN_INT_CONVERSION = YES;
				CLANG_WARN_OBJC_ROOT_CLASS = YES_ERROR;
				CLANG_WARN_UNREACHABLE_CODE = YES;
				CLANG_WARN__DUPLICATE_METHOD_MATCH = YES;
				"CODE_SIGN_IDENTITY[sdk=iphoneos*]" = "iPhone Developer";
				COPY_PHASE_STRIP = YES;
				ENABLE_NS_ASSERTIONS = NO;
				ENABLE_STRICT_OBJC_MSGSEND = YES;
				GCC_C_LANGUAGE_STANDARD = gnu99;
				GCC_WARN_64_TO_32_BIT_CONVERSION = YES;
				GCC_WARN_ABOUT_RETURN_TYPE = YES_ERROR;
				GCC_WARN_UNDECLARED_SELECTOR = YES;
				GCC_WARN_UNINITIALIZED_AUTOS = YES_AGGRESSIVE;
				GCC_WARN_UNUSED_FUNCTION = YES;
				GCC_WARN_UNUSED_VARIABLE = YES;
				IPHONEOS_DEPLOYMENT_TARGET = 8.1;
				MTL_ENABLE_DEBUG_INFO = NO;
				SDKROOT = iphoneos;
				TARGETED_DEVICE_FAMILY = "1,2";
				VALIDATE_PRODUCT = YES;
			};
			name = Release;
		};
		DBD79C061A82C5250059F4D8 /* Debug */ = {
			isa = XCBuildConfiguration;
			buildSettings = {
				ASSETCATALOG_COMPILER_APPICON_NAME = AppIcon;
				INFOPLIST_FILE = Dictionary/Info.plist;
				LD_RUNPATH_SEARCH_PATHS = "$(inherited) @executable_path/Frameworks";
				PRODUCT_NAME = "$(TARGET_NAME)";
			};
			name = Debug;
		};
		DBD79C071A82C5250059F4D8 /* Release */ = {
			isa = XCBuildConfiguration;
			buildSettings = {
				ASSETCATALOG_COMPILER_APPICON_NAME = AppIcon;
				INFOPLIST_FILE = Dictionary/Info.plist;
				LD_RUNPATH_SEARCH_PATHS = "$(inherited) @executable_path/Frameworks";
				PRODUCT_NAME = "$(TARGET_NAME)";
			};
			name = Release;
		};
		DBD79C091A82C5250059F4D8 /* Debug */ = {
			isa = XCBuildConfiguration;
			buildSettings = {
				BUNDLE_LOADER = "$(TEST_HOST)";
				FRAMEWORK_SEARCH_PATHS = (
					"$(SDKROOT)/Developer/Library/Frameworks",
					"$(inherited)",
				);
				GCC_PREPROCESSOR_DEFINITIONS = (
					"DEBUG=1",
					"$(inherited)",
				);
				INFOPLIST_FILE = DictionaryTests/Info.plist;
				LD_RUNPATH_SEARCH_PATHS = "$(inherited) @executable_path/Frameworks @loader_path/Frameworks";
				PRODUCT_NAME = "$(TARGET_NAME)";
				TEST_HOST = "$(BUILT_PRODUCTS_DIR)/Dictionary.app/Dictionary";
			};
			name = Debug;
		};
		DBD79C0A1A82C5250059F4D8 /* Release */ = {
			isa = XCBuildConfiguration;
			buildSettings = {
				BUNDLE_LOADER = "$(TEST_HOST)";
				FRAMEWORK_SEARCH_PATHS = (
					"$(SDKROOT)/Developer/Library/Frameworks",
					"$(inherited)",
				);
				INFOPLIST_FILE = DictionaryTests/Info.plist;
				LD_RUNPATH_SEARCH_PATHS = "$(inherited) @executable_path/Frameworks @loader_path/Frameworks";
				PRODUCT_NAME = "$(TARGET_NAME)";
				TEST_HOST = "$(BUILT_PRODUCTS_DIR)/Dictionary.app/Dictionary";
			};
			name = Release;
		};
/* End XCBuildConfiguration section */

/* Begin XCConfigurationList section */
		DBD79BE31A82C5250059F4D8 /* Build configuration list for PBXProject "Dictionary" */ = {
			isa = XCConfigurationList;
			buildConfigurations = (
				DBD79C031A82C5250059F4D8 /* Debug */,
				DBD79C041A82C5250059F4D8 /* Release */,
			);
			defaultConfigurationIsVisible = 0;
			defaultConfigurationName = Release;
		};
		DBD79C051A82C5250059F4D8 /* Build configuration list for PBXNativeTarget "Dictionary" */ = {
			isa = XCConfigurationList;
			buildConfigurations = (
				DBD79C061A82C5250059F4D8 /* Debug */,
				DBD79C071A82C5250059F4D8 /* Release */,
			);
			defaultConfigurationIsVisible = 0;
			defaultConfigurationName = Release;
		};
		DBD79C081A82C5250059F4D8 /* Build configuration list for PBXNativeTarget "DictionaryTests" */ = {
			isa = XCConfigurationList;
			buildConfigurations = (
				DBD79C091A82C5250059F4D8 /* Debug */,
				DBD79C0A1A82C5250059F4D8 /* Release */,
			);
			defaultConfigurationIsVisible = 0;
			defaultConfigurationName = Release;
		};
/* End XCConfigurationList section */
	};
	rootObject = DBD79BE01A82C5250059F4D8 /* Project object */;
}
